
Microsoft Visual Studio Solution File, Format Version 12.00
# Visual Studio Version 17
VisualStudioVersion = 17.14.36401.2 d17.14
MinimumVisualStudioVersion = 10.0.40219.1
Project("{8BC9CEB8-8B4A-11D0-8D11-00A0C91BC942}") = "Blackjack", "Blackjack\Blackjack.vcxproj", "{535A4560-38E6-4C12-B6B9-0E869D1A49FF}"
EndProject
Global
	GlobalSection(SolutionConfigurationPlatforms) = preSolution
		Debug|x64 = Debug|x64
		Debug|x86 = Debug|x86
		Release|x64 = Release|x64
		Release|x86 = Release|x86
	EndGlobalSection
	GlobalSection(ProjectConfigurationPlatforms) = postSolution
		{535A4560-38E6-4C12-B6B9-0E869D1A49FF}.Debug|x64.ActiveCfg = Debug|x64
		{535A4560-38E6-4C12-B6B9-0E869D1A49FF}.Debug|x64.Build.0 = Debug|x64
		{535A4560-38E6-4C12-B6B9-0E869D1A49FF}.Debug|x86.ActiveCfg = Debug|Win32
		{535A4560-38E6-4C12-B6B9-0E869D1A49FF}.Debug|x86.Build.0 = Debug|Win32
		{535A4560-38E6-4C12-B6B9-0E869D1A49FF}.Release|x64.ActiveCfg = Release|x64
		{535A4560-38E6-4C12-B6B9-0E869D1A49FF}.Release|x64.Build.0 = Release|x64
		{535A4560-38E6-4C12-B6B9-0E869D1A49FF}.Release|x86.ActiveCfg = Release|Win32
		{535A4560-38E6-4C12-B6B9-0E869D1A49FF}.Release|x86.Build.0 = Release|Win32
	EndGlobalSection
	GlobalSection(SolutionProperties) = preSolution
		HideSolutionNode = FALSE
	EndGlobalSection
	GlobalSection(ExtensibilityGlobals) = postSolution
		SolutionGuid = {5B684B5A-5369-43C2-A0C1-D4665B0DF67F}
	EndGlobalSection
EndGlobal
